<?xml version="1.0" encoding="utf-8"?>
<Project ToolsVersion="4.0" xmlns="http://schemas.microsoft.com/developer/msbuild/2003">
  <ItemGroup>
    <ClCompile Include="src\Lexer.cpp" />
    <ClCompile Include="src\main.cpp" />
    <ClCompile Include="src\Parser.cpp" />
    <ClCompile Include="src\LLTable.cpp" />
    <ClCompile Include="src\SyntaxTree.cpp" />
    <ClCompile Include="src\CodeGenerator.cpp" />
  </ItemGroup>
  <ItemGroup>
    <Text Include="tests\bad_file.txt" />
    <Text Include="tests\example.txt" />
    <Text Include="..\cp471\P1\tests\example.txt" />
    <Text Include="data\grammar.txt" />
    <Text Include="data\table.txt" />
  </ItemGroup>
  <ItemGroup>
    <None Include="tests\Test1.cp" />
    <None Include="tests\Test2.cp" />
    <None Include="tests\Test3.cp" />
    <None Include="tests\Test4.cp" />
    <None Include="tests\Test5.cp" />
    <None Include="tests\Test6.cp" />
    <None Include="tests\Test7.cp" />
    <None Include="tests\Test8.cp" />
    <None Include="tests\Test9.cp" />
    <None Include=".gitignore" />
    <None Include="README.md" />
    <None Include=".gitattributes" />
    <None Include="cpp.hint" />
  </ItemGroup>
  <ItemGroup>
    <ClInclude Include="src\definitions.h" />
  </ItemGroup>
</Project>